// !$*UTF8*$!
{
	archiveVersion = 1;
	classes = {
	};
	objectVersion = 77;
	objects = {

/* Begin PBXContainerItemProxy section */
		7A71FC092EB38ADE00A9A6CA /* PBXContainerItemProxy */ = {
			isa = PBXContainerItemProxy;
			containerPortal = 7A71FBF32EB38ADD00A9A6CA /* Project object */;
			proxyType = 1;
			remoteGlobalIDString = 7A71FBFA2EB38ADD00A9A6CA;
			remoteInfo = Mineflow;
		};
		7A71FC132EB38ADE00A9A6CA /* PBXContainerItemProxy */ = {
			isa = PBXContainerItemProxy;
			containerPortal = 7A71FBF32EB38ADD00A9A6CA /* Project object */;
			proxyType = 1;
			remoteGlobalIDString = 7A71FBFA2EB38ADD00A9A6CA;
			remoteInfo = Mineflow;
		};
/* End PBXContainerItemProxy section */

/* Begin PBXFileReference section */
		7A71FBFB2EB38ADD00A9A6CA /* Mineflow.app */ = {isa = PBXFileReference; explicitFileType = wrapper.application; includeInIndex = 0; path = Mineflow.app; sourceTree = BUILT_PRODUCTS_DIR; };
		7A71FC082EB38ADE00A9A6CA /* MineflowTests.xctest */ = {isa = PBXFileReference; explicitFileType = wrapper.cfbundle; includeInIndex = 0; path = MineflowTests.xctest; sourceTree = BUILT_PRODUCTS_DIR; };
		7A71FC122EB38ADE00A9A6CA /* MineflowUITests.xctest */ = {isa = PBXFileReference; explicitFileType = wrapper.cfbundle; includeInIndex = 0; path = MineflowUITests.xctest; sourceTree = BUILT_PRODUCTS_DIR; };
/* End PBXFileReference section */

/* Begin PBXFileSystemSynchronizedBuildFileExceptionSet section */
		7AE7C4472EC089A1007E7CD1 /* Exceptions for "Mineflow" folder in "Mineflow" target */ = {
			isa = PBXFileSystemSynchronizedBuildFileExceptionSet;
			membershipExceptions = (
				Info.plist,
			);
			target = 7A71FBFA2EB38ADD00A9A6CA /* Mineflow */;
		};
/* End PBXFileSystemSynchronizedBuildFileExceptionSet section */

/* Begin PBXFileSystemSynchronizedRootGroup section */
		7A71FBFD2EB38ADD00A9A6CA /* Mineflow */ = {
			isa = PBXFileSystemSynchronizedRootGroup;
			exceptions = (
				7AE7C4472EC089A1007E7CD1 /* Exceptions for "Mineflow" folder in "Mineflow" target */,
			);
			path = Mineflow;
			sourceTree = "<group>";
		};
		7A71FC0B2EB38ADE00A9A6CA /* MineflowTests */ = {
			isa = PBXFileSystemSynchronizedRootGroup;
			path = MineflowTests;
			sourceTree = "<group>";
		};
		7A71FC152EB38ADE00A9A6CA /* MineflowUITests */ = {
			isa = PBXFileSystemSynchronizedRootGroup;
			path = MineflowUITests;
			sourceTree = "<group>";
		};
/* End PBXFileSystemSynchronizedRootGroup section */

/* Begin PBXFrameworksBuildPhase section */
		7A71FBF82EB38ADD00A9A6CA /* Frameworks */ = {
			isa = PBXFrameworksBuildPhase;
			buildActionMask = 2147483647;
			files = (
			);
			runOnlyForDeploymentPostprocessing = 0;
		};
		7A71FC052EB38ADE00A9A6CA /* Frameworks */ = {
			isa = PBXFrameworksBuildPhase;
			buildActionMask = 2147483647;
			files = (
			);
			runOnlyForDeploymentPostprocessing = 0;
		};
		7A71FC0F2EB38ADE00A9A6CA /* Frameworks */ = {
			isa = PBXFrameworksBuildPhase;
			buildActionMask = 2147483647;
			files = (
			);
			runOnlyForDeploymentPostprocessing = 0;
		};
/* End PBXFrameworksBuildPhase section */

/* Begin PBXGroup section */
		7A71FBF22EB38ADD00A9A6CA = {
			isa = PBXGroup;
			children = (
				7A71FBFD2EB38ADD00A9A6CA /* Mineflow */,
				7A71FC0B2EB38ADE00A9A6CA /* MineflowTests */,
				7A71FC152EB38ADE00A9A6CA /* MineflowUITests */,
				7A71FBFC2EB38ADD00A9A6CA /* Products */,
			);
			sourceTree = "<group>";
		};
		7A71FBFC2EB38ADD00A9A6CA /* Products */ = {
			isa = PBXGroup;
			children = (
				7A71FBFB2EB38ADD00A9A6CA /* Mineflow.app */,
				7A71FC082EB38ADE00A9A6CA /* MineflowTests.xctest */,
				7A71FC122EB38ADE00A9A6CA /* MineflowUITests.xctest */,
			);
			name = Products;
			sourceTree = "<group>";
		};
/* End PBXGroup section */

/* Begin PBXNativeTarget section */
		7A71FBFA2EB38ADD00A9A6CA /* Mineflow */ = {
			isa = PBXNativeTarget;
			buildConfigurationList = 7A71FC1C2EB38ADE00A9A6CA /* Build configuration list for PBXNativeTarget "Mineflow" */;
			buildPhases = (
				7A71FBF72EB38ADD00A9A6CA /* Sources */,
				7A71FBF82EB38ADD00A9A6CA /* Frameworks */,
				7A71FBF92EB38ADD00A9A6CA /* Resources */,
			);
			buildRules = (
			);
			dependencies = (
			);
			fileSystemSynchronizedGroups = (
				7A71FBFD2EB38ADD00A9A6CA /* Mineflow */,
			);
			name = Mineflow;
			packageProductDependencies = (
			);
			productName = Mineflow;
			productReference = 7A71FBFB2EB38ADD00A9A6CA /* Mineflow.app */;
			productType = "com.apple.product-type.application";
		};
		7A71FC072EB38ADE00A9A6CA /* MineflowTests */ = {
			isa = PBXNativeTarget;
			buildConfigurationList = 7A71FC1F2EB38ADE00A9A6CA /* Build configuration list for PBXNativeTarget "MineflowTests" */;
			buildPhases = (
				7A71FC042EB38ADE00A9A6CA /* Sources */,
				7A71FC052EB38ADE00A9A6CA /* Frameworks */,
				7A71FC062EB38ADE00A9A6CA /* Resources */,
			);
			buildRules = (
			);
			dependencies = (
				7A71FC0A2EB38ADE00A9A6CA /* PBXTargetDependency */,
			);
			fileSystemSynchronizedGroups = (
				7A71FC0B2EB38ADE00A9A6CA /* MineflowTests */,
			);
			name = MineflowTests;
			packageProductDependencies = (
			);
			productName = MineflowTests;
			productReference = 7A71FC082EB38ADE00A9A6CA /* MineflowTests.xctest */;
			productType = "com.apple.product-type.bundle.unit-test";
		};
		7A71FC112EB38ADE00A9A6CA /* MineflowUITests */ = {
			isa = PBXNativeTarget;
			buildConfigurationList = 7A71FC222EB38ADE00A9A6CA /* Build configuration list for PBXNativeTarget "MineflowUITests" */;
			buildPhases = (
				7A71FC0E2EB38ADE00A9A6CA /* Sources */,
				7A71FC0F2EB38ADE00A9A6CA /* Frameworks */,
				7A71FC102EB38ADE00A9A6CA /* Resources */,
			);
			buildRules = (
			);
			dependencies = (
				7A71FC142EB38ADE00A9A6CA /* PBXTargetDependency */,
			);
			fileSystemSynchronizedGroups = (
				7A71FC152EB38ADE00A9A6CA /* MineflowUITests */,
			);
			name = MineflowUITests;
			packageProductDependencies = (
			);
			productName = MineflowUITests;
			productReference = 7A71FC122EB38ADE00A9A6CA /* MineflowUITests.xctest */;
			productType = "com.apple.product-type.bundle.ui-testing";
		};
/* End PBXNativeTarget section */

/* Begin PBXProject section */
		7A71FBF32EB38ADD00A9A6CA /* Project object */ = {
			isa = PBXProject;
			attributes = {
				BuildIndependentTargetsInParallel = 1;
				LastSwiftUpdateCheck = 2600;
				LastUpgradeCheck = 2600;
				TargetAttributes = {
					7A71FBFA2EB38ADD00A9A6CA = {
						CreatedOnToolsVersion = 26.0.1;
					};
					7A71FC072EB38ADE00A9A6CA = {
						CreatedOnToolsVersion = 26.0.1;
						TestTargetID = 7A71FBFA2EB38ADD00A9A6CA;
					};
					7A71FC112EB38ADE00A9A6CA = {
						CreatedOnToolsVersion = 26.0.1;
						TestTargetID = 7A71FBFA2EB38ADD00A9A6CA;
					};
				};
			};
			buildConfigurationList = 7A71FBF62EB38ADD00A9A6CA /* Build configuration list for PBXProject "Mineflow" */;
			developmentRegion = en;
			hasScannedForEncodings = 0;
			knownRegions = (
				en,
				Base,
			);
			mainGroup = 7A71FBF22EB38ADD00A9A6CA;
			minimizedProjectReferenceProxies = 1;
			preferredProjectObjectVersion = 77;
			productRefGroup = 7A71FBFC2EB38ADD00A9A6CA /* Products */;
			projectDirPath = "";
			projectRoot = "";
			targets = (
				7A71FBFA2EB38ADD00A9A6CA /* Mineflow */,
				7A71FC072EB38ADE00A9A6CA /* MineflowTests */,
				7A71FC112EB38ADE00A9A6CA /* MineflowUITests */,
			);
		};
/* End PBXProject section */

/* Begin PBXResourcesBuildPhase section */
		7A71FBF92EB38ADD00A9A6CA /* Resources */ = {
			isa = PBXResourcesBuildPhase;
			buildActionMask = 2147483647;
			files = (
			);
			runOnlyForDeploymentPostprocessing = 0;
		};
		7A71FC062EB38ADE00A9A6CA /* Resources */ = {
			isa = PBXResourcesBuildPhase;
			buildActionMask = 2147483647;
			files = (
			);
			runOnlyForDeploymentPostprocessing = 0;
		};
		7A71FC102EB38ADE00A9A6CA /* Resources */ = {
			isa = PBXResourcesBuildPhase;
			buildActionMask = 2147483647;
			files = (
			);
			runOnlyForDeploymentPostprocessing = 0;
		};
/* End PBXResourcesBuildPhase section */

/* Begin PBXSourcesBuildPhase section */
		7A71FBF72EB38ADD00A9A6CA /* Sources */ = {
			isa = PBXSourcesBuildPhase;
			buildActionMask = 2147483647;
			files = (
			);
			runOnlyForDeploymentPostprocessing = 0;
		};
		7A71FC042EB38ADE00A9A6CA /* Sources */ = {
			isa = PBXSourcesBuildPhase;
			buildActionMask = 2147483647;
			files = (
			);
			runOnlyForDeploymentPostprocessing = 0;
		};
		7A71FC0E2EB38ADE00A9A6CA /* Sources */ = {
			isa = PBXSourcesBuildPhase;
			buildActionMask = 2147483647;
			files = (
			);
			runOnlyForDeploymentPostprocessing = 0;
		};
/* End PBXSourcesBuildPhase section */

/* Begin PBXTargetDependency section */
		7A71FC0A2EB38ADE00A9A6CA /* PBXTargetDependency */ = {
			isa = PBXTargetDependency;
			target = 7A71FBFA2EB38ADD00A9A6CA /* Mineflow */;
			targetProxy = 7A71FC092EB38ADE00A9A6CA /* PBXContainerItemProxy */;
		};
		7A71FC142EB38ADE00A9A6CA /* PBXTargetDependency */ = {
			isa = PBXTargetDependency;
			target = 7A71FBFA2EB38ADD00A9A6CA /* Mineflow */;
			targetProxy = 7A71FC132EB38ADE00A9A6CA /* PBXContainerItemProxy */;
		};
/* End PBXTargetDependency section */

/* Begin XCBuildConfiguration section */
		7A71FC1A2EB38ADE00A9A6CA /* Debug */ = {
			isa = XCBuildConfiguration;
			buildSettings = {
				ALWAYS_SEARCH_USER_PATHS = NO;
				ASSETCATALOG_COMPILER_GENERATE_SWIFT_ASSET_SYMBOL_EXTENSIONS = YES;
				CLANG_ANALYZER_NONNULL = YES;
				CLANG_ANALYZER_NUMBER_OBJECT_CONVERSION = YES_AGGRESSIVE;
				CLANG_CXX_LANGUAGE_STANDARD = "gnu++20";
				CLANG_ENABLE_MODULES = YES;
				CLANG_ENABLE_OBJC_ARC = YES;
				CLANG_ENABLE_OBJC_WEAK = YES;
				CLANG_WARN_BLOCK_CAPTURE_AUTORELEASING = YES;
				CLANG_WARN_BOOL_CONVERSION = YES;
				CLANG_WARN_COMMA = YES;
				CLANG_WARN_CONSTANT_CONVERSION = YES;
				CLANG_WARN_DEPRECATED_OBJC_IMPLEMENTATIONS = YES;
				CLANG_WARN_DIRECT_OBJC_ISA_USAGE = YES_ERROR;
				CLANG_WARN_DOCUMENTATION_COMMENTS = YES;
				CLANG_WARN_EMPTY_BODY = YES;
				CLANG_WARN_ENUM_CONVERSION = YES;
				CLANG_WARN_INFINITE_RECURSION = YES;
				CLANG_WARN_INT_CONVERSION = YES;
				CLANG_WARN_NON_LITERAL_NULL_CONVERSION = YES;
				CLANG_WARN_OBJC_IMPLICIT_RETAIN_SELF = YES;
				CLANG_WARN_OBJC_LITERAL_CONVERSION = YES;
				CLANG_WARN_OBJC_ROOT_CLASS = YES_ERROR;
				CLANG_WARN_QUOTED_INCLUDE_IN_FRAMEWORK_HEADER = YES;
				CLANG_WARN_RANGE_LOOP_ANALYSIS = YES;
				CLANG_WARN_STRICT_PROTOTYPES = YES;
				CLANG_WARN_SUSPICIOUS_MOVE = YES;
				CLANG_WARN_UNGUARDED_AVAILABILITY = YES_AGGRESSIVE;
				CLANG_WARN_UNREACHABLE_CODE = YES;
				CLANG_WARN__DUPLICATE_METHOD_MATCH = YES;
				COPY_PHASE_STRIP = NO;
				DEBUG_INFORMATION_FORMAT = dwarf;
				DEVELOPMENT_TEAM = 876GZYDWFS;
				ENABLE_STRICT_OBJC_MSGSEND = YES;
				ENABLE_TESTABILITY = YES;
				ENABLE_USER_SCRIPT_SANDBOXING = YES;
				GCC_C_LANGUAGE_STANDARD = gnu17;
				GCC_DYNAMIC_NO_PIC = NO;
				GCC_NO_COMMON_BLOCKS = YES;
				GCC_OPTIMIZATION_LEVEL = 0;
				GCC_PREPROCESSOR_DEFINITIONS = (
					"DEBUG=1",
					"$(inherited)",
				);
				GCC_WARN_64_TO_32_BIT_CONVERSION = YES;
				GCC_WARN_ABOUT_RETURN_TYPE = YES_ERROR;
				GCC_WARN_UNDECLARED_SELECTOR = YES;
				GCC_WARN_UNINITIALIZED_AUTOS = YES_AGGRESSIVE;
				GCC_WARN_UNUSED_FUNCTION = YES;
				GCC_WARN_UNUSED_VARIABLE = YES;
				IPHONEOS_DEPLOYMENT_TARGET = 26.0;
				LOCALIZATION_PREFERS_STRING_CATALOGS = YES;
				MTL_ENABLE_DEBUG_INFO = INCLUDE_SOURCE;
				MTL_FAST_MATH = YES;
				ONLY_ACTIVE_ARCH = YES;
				SDKROOT = iphoneos;
				SWIFT_ACTIVE_COMPILATION_CONDITIONS = "DEBUG $(inherited)";
				SWIFT_OPTIMIZATION_LEVEL = "-Onone";
			};
			name = Debug;
		};
		7A71FC1B2EB38ADE00A9A6CA /* Release */ = {
			isa = XCBuildConfiguration;
			buildSettings = {
				ALWAYS_SEARCH_USER_PATHS = NO;
				ASSETCATALOG_COMPILER_GENERATE_SWIFT_ASSET_SYMBOL_EXTENSIONS = YES;
				CLANG_ANALYZER_NONNULL = YES;
				CLANG_ANALYZER_NUMBER_OBJECT_CONVERSION = YES_AGGRESSIVE;
				CLANG_CXX_LANGUAGE_STANDARD = "gnu++20";
				CLANG_ENABLE_MODULES = YES;
				CLANG_ENABLE_OBJC_ARC = YES;
				CLANG_ENABLE_OBJC_WEAK = YES;
				CLANG_WARN_BLOCK_CAPTURE_AUTORELEASING = YES;
				CLANG_WARN_BOOL_CONVERSION = YES;
				CLANG_WARN_COMMA = YES;
				CLANG_WARN_CONSTANT_CONVERSION = YES;
				CLANG_WARN_DEPRECATED_OBJC_IMPLEMENTATIONS = YES;
				CLANG_WARN_DIRECT_OBJC_ISA_USAGE = YES_ERROR;
				CLANG_WARN_DOCUMENTATION_COMMENTS = YES;
				CLANG_WARN_EMPTY_BODY = YES;
				CLANG_WARN_ENUM_CONVERSION = YES;
				CLANG_WARN_INFINITE_RECURSION = YES;
				CLANG_WARN_INT_CONVERSION = YES;
				CLANG_WARN_NON_LITERAL_NULL_CONVERSION = YES;
				CLANG_WARN_OBJC_IMPLICIT_RETAIN_SELF = YES;
				CLANG_WARN_OBJC_LITERAL_CONVERSION = YES;
				CLANG_WARN_OBJC_ROOT_CLASS = YES_ERROR;
				CLANG_WARN_QUOTED_INCLUDE_IN_FRAMEWORK_HEADER = YES;
				CLANG_WARN_RANGE_LOOP_ANALYSIS = YES;
				CLANG_WARN_STRICT_PROTOTYPES = YES;
				CLANG_WARN_SUSPICIOUS_MOVE = YES;
				CLANG_WARN_UNGUARDED_AVAILABILITY = YES_AGGRESSIVE;
				CLANG_WARN_UNREACHABLE_CODE = YES;
				CLANG_WARN__DUPLICATE_METHOD_MATCH = YES;
				COPY_PHASE_STRIP = NO;
				DEBUG_INFORMATION_FORMAT = "dwarf-with-dsym";
				DEVELOPMENT_TEAM = 876GZYDWFS;
				ENABLE_NS_ASSERTIONS = NO;
				ENABLE_STRICT_OBJC_MSGSEND = YES;
				ENABLE_USER_SCRIPT_SANDBOXING = YES;
				GCC_C_LANGUAGE_STANDARD = gnu17;
				GCC_NO_COMMON_BLOCKS = YES;
				GCC_WARN_64_TO_32_BIT_CONVERSION = YES;
				GCC_WARN_ABOUT_RETURN_TYPE = YES_ERROR;
				GCC_WARN_UNDECLARED_SELECTOR = YES;
				GCC_WARN_UNINITIALIZED_AUTOS = YES_AGGRESSIVE;
				GCC_WARN_UNUSED_FUNCTION = YES;
				GCC_WARN_UNUSED_VARIABLE = YES;
				IPHONEOS_DEPLOYMENT_TARGET = 26.0;
				LOCALIZATION_PREFERS_STRING_CATALOGS = YES;
				MTL_ENABLE_DEBUG_INFO = NO;
				MTL_FAST_MATH = YES;
				SDKROOT = iphoneos;
				SWIFT_COMPILATION_MODE = wholemodule;
				VALIDATE_PRODUCT = YES;
			};
			name = Release;
		};
		7A71FC1D2EB38ADE00A9A6CA /* Debug */ = {
			isa = XCBuildConfiguration;
			buildSettings = {
				ASSETCATALOG_COMPILER_APPICON_NAME = AppIcon;
				ASSETCATALOG_COMPILER_GLOBAL_ACCENT_COLOR_NAME = AccentColor;
				CODE_SIGN_STYLE = Automatic;
				CURRENT_PROJECT_VERSION = 1;
				DEVELOPMENT_TEAM = 876GZYDWFS;
				ENABLE_PREVIEWS = YES;
				GENERATE_INFOPLIST_FILE = YES;
				INFOPLIST_FILE = Mineflow/Info.plist;
				INFOPLIST_KEY_CFBundleDisplayName = Mineflow;
				INFOPLIST_KEY_UIApplicationSceneManifest_Generation = YES;
				INFOPLIST_KEY_UIApplicationSupportsIndirectInputEvents = YES;
				INFOPLIST_KEY_UILaunchScreen_Generation = YES;
				INFOPLIST_KEY_UISupportedInterfaceOrientations = UIInterfaceOrientationPortrait;
				INFOPLIST_KEY_UISupportedInterfaceOrientations_iPad = "UIInterfaceOrientationLandscapeLeft UIInterfaceOrientationLandscapeRight UIInterfaceOrientationPortrait UIInterfaceOrientationPortraitUpsideDown";
				IPHONEOS_DEPLOYMENT_TARGET = 16;
				LD_RUNPATH_SEARCH_PATHS = (
					"$(inherited)",
					"@executable_path/Frameworks",
				);
				MARKETING_VERSION = 1.0;
				PRODUCT_BUNDLE_IDENTIFIER = com.mine.flow;
				PRODUCT_NAME = "$(TARGET_NAME)";
				STRING_CATALOG_GENERATE_SYMBOLS = YES;
				SUPPORTED_PLATFORMS = "iphoneos iphonesimulator";
				SUPPORTS_MACCATALYST = NO;
				SUPPORTS_MAC_DESIGNED_FOR_IPHONE_IPAD = NO;
				SUPPORTS_XR_DESIGNED_FOR_IPHONE_IPAD = NO;
				SWIFT_APPROACHABLE_CONCURRENCY = YES;
				SWIFT_DEFAULT_ACTOR_ISOLATION = MainActor;
				SWIFT_EMIT_LOC_STRINGS = YES;
				SWIFT_ENABLE_EXPLICIT_MODULES = YES;
				SWIFT_UPCOMING_FEATURE_MEMBER_IMPORT_VISIBILITY = YES;
				SWIFT_VERSION = 6.0;
				TARGETED_DEVICE_FAMILY = 1;
			};
			name = Debug;
		};
		7A71FC1E2EB38ADE00A9A6CA /* Release */ = {
			isa = XCBuildConfiguration;
			buildSettings = {
				ASSETCATALOG_COMPILER_APPICON_NAME = AppIcon;
				ASSETCATALOG_COMPILER_GLOBAL_ACCENT_COLOR_NAME = AccentColor;
				CODE_SIGN_STYLE = Automatic;
				CURRENT_PROJECT_VERSION = 1;
				DEVELOPMENT_TEAM = 876GZYDWFS;
				ENABLE_PREVIEWS = YES;
				GENERATE_INFOPLIST_FILE = YES;
				INFOPLIST_FILE = Mineflow/Info.plist;
				INFOPLIST_KEY_CFBundleDisplayName = Mineflow;
				INFOPLIST_KEY_UIApplicationSceneManifest_Generation = YES;
				INFOPLIST_KEY_UIApplicationSupportsIndirectInputEvents = YES;
				INFOPLIST_KEY_UILaunchScreen_Generation = YES;
				INFOPLIST_KEY_UISupportedInterfaceOrientations = UIInterfaceOrientationPortrait;
				INFOPLIST_KEY_UISupportedInterfaceOrientations_iPad = "UIInterfaceOrientationLandscapeLeft UIInterfaceOrientationLandscapeRight UIInterfaceOrientationPortrait UIInterfaceOrientationPortraitUpsideDown";
				IPHONEOS_DEPLOYMENT_TARGET = 16;
				LD_RUNPATH_SEARCH_PATHS = (
					"$(inherited)",
					"@executable_path/Frameworks",
				);
				MARKETING_VERSION = 1.0;
				PRODUCT_BUNDLE_IDENTIFIER = com.mine.flow;
				PRODUCT_NAME = "$(TARGET_NAME)";
				STRING_CATALOG_GENERATE_SYMBOLS = YES;
				SUPPORTED_PLATFORMS = "iphoneos iphonesimulator";
				SUPPORTS_MACCATALYST = NO;
				SUPPORTS_MAC_DESIGNED_FOR_IPHONE_IPAD = NO;
				SUPPORTS_XR_DESIGNED_FOR_IPHONE_IPAD = NO;
				SWIFT_APPROACHABLE_CONCURRENCY = YES;
				SWIFT_DEFAULT_ACTOR_ISOLATION = MainActor;
				SWIFT_EMIT_LOC_STRINGS = YES;
				SWIFT_ENABLE_EXPLICIT_MODULES = YES;
				SWIFT_UPCOMING_FEATURE_MEMBER_IMPORT_VISIBILITY = YES;
				SWIFT_VERSION = 6.0;
				TARGETED_DEVICE_FAMILY = 1;
			};
			name = Release;
		};
		7A71FC202EB38ADE00A9A6CA /* Debug */ = {
			isa = XCBuildConfiguration;
			buildSettings = {
				BUNDLE_LOADER = "$(TEST_HOST)";
				CODE_SIGN_STYLE = Automatic;
				CURRENT_PROJECT_VERSION = 1;
				DEVELOPMENT_TEAM = 876GZYDWFS;
				GENERATE_INFOPLIST_FILE = YES;
				IPHONEOS_DEPLOYMENT_TARGET = 26.0;
				MARKETING_VERSION = 1.0;
				PRODUCT_BUNDLE_IDENTIFIER = com.mine.flow.MineflowTests;
				PRODUCT_NAME = "$(TARGET_NAME)";
				STRING_CATALOG_GENERATE_SYMBOLS = NO;
				SWIFT_APPROACHABLE_CONCURRENCY = YES;
				SWIFT_EMIT_LOC_STRINGS = NO;
				SWIFT_UPCOMING_FEATURE_MEMBER_IMPORT_VISIBILITY = YES;
				SWIFT_VERSION = 5.0;
				TARGETED_DEVICE_FAMILY = "1,2";
				TEST_HOST = "$(BUILT_PRODUCTS_DIR)/Mineflow.app/$(BUNDLE_EXECUTABLE_FOLDER_PATH)/Mineflow";
			};
			name = Debug;
		};
		7A71FC212EB38ADE00A9A6CA /* Release */ = {
			isa = XCBuildConfiguration;
			buildSettings = {
				BUNDLE_LOADER = "$(TEST_HOST)";
				CODE_SIGN_STYLE = Automatic;
				CURRENT_PROJECT_VERSION = 1;
				DEVELOPMENT_TEAM = 876GZYDWFS;
				GENERATE_INFOPLIST_FILE = YES;
				IPHONEOS_DEPLOYMENT_TARGET = 26.0;
				MARKETING_VERSION = 1.0;
				PRODUCT_BUNDLE_IDENTIFIER = com.mine.flow.MineflowTests;
				PRODUCT_NAME = "$(TARGET_NAME)";
				STRING_CATALOG_GENERATE_SYMBOLS = NO;
				SWIFT_APPROACHABLE_CONCURRENCY = YES;
				SWIFT_EMIT_LOC_STRINGS = NO;
				SWIFT_UPCOMING_FEATURE_MEMBER_IMPORT_VISIBILITY = YES;
				SWIFT_VERSION = 5.0;
				TARGETED_DEVICE_FAMILY = "1,2";
				TEST_HOST = "$(BUILT_PRODUCTS_DIR)/Mineflow.app/$(BUNDLE_EXECUTABLE_FOLDER_PATH)/Mineflow";
			};
			name = Release;
		};
		7A71FC232EB38ADE00A9A6CA /* Debug */ = {
			isa = XCBuildConfiguration;
			buildSettings = {
				CODE_SIGN_STYLE = Automatic;
				CURRENT_PROJECT_VERSION = 1;
				DEVELOPMENT_TEAM = 876GZYDWFS;
				GENERATE_INFOPLIST_FILE = YES;
				MARKETING_VERSION = 1.0;
				PRODUCT_BUNDLE_IDENTIFIER = com.mine.flow.MineflowUITests;
				PRODUCT_NAME = "$(TARGET_NAME)";
				STRING_CATALOG_GENERATE_SYMBOLS = NO;
				SWIFT_APPROACHABLE_CONCURRENCY = YES;
				SWIFT_EMIT_LOC_STRINGS = NO;
				SWIFT_UPCOMING_FEATURE_MEMBER_IMPORT_VISIBILITY = YES;
				SWIFT_VERSION = 5.0;
				TARGETED_DEVICE_FAMILY = "1,2";
				TEST_TARGET_NAME = Mineflow;
			};
			name = Debug;
		};
		7A71FC242EB38ADE00A9A6CA /* Release */ = {
			isa = XCBuildConfiguration;
			buildSettings = {
				CODE_SIGN_STYLE = Automatic;
				CURRENT_PROJECT_VERSION = 1;
				DEVELOPMENT_TEAM = 876GZYDWFS;
				GENERATE_INFOPLIST_FILE = YES;
				MARKETING_VERSION = 1.0;
				PRODUCT_BUNDLE_IDENTIFIER = com.mine.flow.MineflowUITests;
				PRODUCT_NAME = "$(TARGET_NAME)";
				STRING_CATALOG_GENERATE_SYMBOLS = NO;
				SWIFT_APPROACHABLE_CONCURRENCY = YES;
				SWIFT_EMIT_LOC_STRINGS = NO;
				SWIFT_UPCOMING_FEATURE_MEMBER_IMPORT_VISIBILITY = YES;
				SWIFT_VERSION = 5.0;
				TARGETED_DEVICE_FAMILY = "1,2";
				TEST_TARGET_NAME = Mineflow;
			};
			name = Release;
		};
/* End XCBuildConfiguration section */

/* Begin XCConfigurationList section */
		7A71FBF62EB38ADD00A9A6CA /* Build configuration list for PBXProject "Mineflow" */ = {
			isa = XCConfigurationList;
			buildConfigurations = (
				7A71FC1A2EB38ADE00A9A6CA /* Debug */,
				7A71FC1B2EB38ADE00A9A6CA /* Release */,
			);
			defaultConfigurationIsVisible = 0;
			defaultConfigurationName = Release;
		};
		7A71FC1C2EB38ADE00A9A6CA /* Build configuration list for PBXNativeTarget "Mineflow" */ = {
			isa = XCConfigurationList;
			buildConfigurations = (
				7A71FC1D2EB38ADE00A9A6CA /* Debug */,
				7A71FC1E2EB38ADE00A9A6CA /* Release */,
			);
			defaultConfigurationIsVisible = 0;
			defaultConfigurationName = Release;
		};
		7A71FC1F2EB38ADE00A9A6CA /* Build configuration list for PBXNativeTarget "MineflowTests" */ = {
			isa = XCConfigurationList;
			buildConfigurations = (
				7A71FC202EB38ADE00A9A6CA /* Debug */,
				7A71FC212EB38ADE00A9A6CA /* Release */,
			);
			defaultConfigurationIsVisible = 0;
			defaultConfigurationName = Release;
		};
		7A71FC222EB38ADE00A9A6CA /* Build configuration list for PBXNativeTarget "MineflowUITests" */ = {
			isa = XCConfigurationList;
			buildConfigurations = (
				7A71FC232EB38ADE00A9A6CA /* Debug */,
				7A71FC242EB38ADE00A9A6CA /* Release */,
			);
			defaultConfigurationIsVisible = 0;
			defaultConfigurationName = Release;
		};
/* End XCConfigurationList section */
	};
	rootObject = 7A71FBF32EB38ADD00A9A6CA /* Project object */;
}
